// !$*UTF8*$!
{
	archiveVersion = 1;
	classes = {
	};
	objectVersion = 46;
	objects = {

/* Begin PBXBuildFile section */
		CE51A07F1BE08D7000EA4DAA /* Bolts.framework in Frameworks */ = {isa = PBXBuildFile; fileRef = CE51A07E1BE08D7000EA4DAA /* Bolts.framework */; };
		CE51A0811BE08D8900EA4DAA /* Parse.framework in Frameworks */ = {isa = PBXBuildFile; fileRef = CE51A0801BE08D8900EA4DAA /* Parse.framework */; };
		CE51A0831BE08DB100EA4DAA /* AudioToolbox.framework in Frameworks */ = {isa = PBXBuildFile; fileRef = CE51A0821BE08DB100EA4DAA /* AudioToolbox.framework */; };
		CE51A0851BE08DBA00EA4DAA /* CFNetwork.framework in Frameworks */ = {isa = PBXBuildFile; fileRef = CE51A0841BE08DBA00EA4DAA /* CFNetwork.framework */; };
		CE51A0871BE08DC100EA4DAA /* CoreGraphics.framework in Frameworks */ = {isa = PBXBuildFile; fileRef = CE51A0861BE08DC100EA4DAA /* CoreGraphics.framework */; };
		CE51A0891BE08DC900EA4DAA /* CoreLocation.framework in Frameworks */ = {isa = PBXBuildFile; fileRef = CE51A0881BE08DC900EA4DAA /* CoreLocation.framework */; };
		CE51A08B1BE08DCF00EA4DAA /* QuartzCore.framework in Frameworks */ = {isa = PBXBuildFile; fileRef = CE51A08A1BE08DCF00EA4DAA /* QuartzCore.framework */; };
		CE51A08D1BE08DD800EA4DAA /* Security.framework in Frameworks */ = {isa = PBXBuildFile; fileRef = CE51A08C1BE08DD800EA4DAA /* Security.framework */; };
		CE51A08F1BE08DE400EA4DAA /* SystemConfiguration.framework in Frameworks */ = {isa = PBXBuildFile; fileRef = CE51A08E1BE08DE400EA4DAA /* SystemConfiguration.framework */; };
		CE51A0911BE08DF000EA4DAA /* StoreKit.framework in Frameworks */ = {isa = PBXBuildFile; fileRef = CE51A0901BE08DF000EA4DAA /* StoreKit.framework */; };
		CE51A0931BE08DFE00EA4DAA /* libz.dylib in Frameworks */ = {isa = PBXBuildFile; fileRef = CE51A0921BE08DFE00EA4DAA /* libz.dylib */; };
		CE51A0951BE08E0900EA4DAA /* libsqlite3.dylib in Frameworks */ = {isa = PBXBuildFile; fileRef = CE51A0941BE08E0900EA4DAA /* libsqlite3.dylib */; };
		CE51A0971BE08E1000EA4DAA /* Accounts.framework in Frameworks */ = {isa = PBXBuildFile; fileRef = CE51A0961BE08E1000EA4DAA /* Accounts.framework */; };
		CE51A0991BE08E1400EA4DAA /* Social.framework in Frameworks */ = {isa = PBXBuildFile; fileRef = CE51A0981BE08E1400EA4DAA /* Social.framework */; };
		CE73B6301BDF749D00DFE5C7 /* MapKit.framework in Frameworks */ = {isa = PBXBuildFile; fileRef = CE73B62F1BDF749D00DFE5C7 /* MapKit.framework */; };
		CEA909BB1BDF2A5E000B048C /* AppDelegate.swift in Sources */ = {isa = PBXBuildFile; fileRef = CEA909BA1BDF2A5E000B048C /* AppDelegate.swift */; };
		CEA909BD1BDF2A5E000B048C /* ViewController.swift in Sources */ = {isa = PBXBuildFile; fileRef = CEA909BC1BDF2A5E000B048C /* ViewController.swift */; };
		CEA909C01BDF2A5E000B048C /* Main.storyboard in Resources */ = {isa = PBXBuildFile; fileRef = CEA909BE1BDF2A5E000B048C /* Main.storyboard */; };
		CEA909C21BDF2A5E000B048C /* Images.xcassets in Resources */ = {isa = PBXBuildFile; fileRef = CEA909C11BDF2A5E000B048C /* Images.xcassets */; };
		CEA909C51BDF2A5E000B048C /* LaunchScreen.xib in Resources */ = {isa = PBXBuildFile; fileRef = CEA909C31BDF2A5E000B048C /* LaunchScreen.xib */; };
		CEA909D11BDF2A5E000B048C /* testProjectTests.swift in Sources */ = {isa = PBXBuildFile; fileRef = CEA909D01BDF2A5E000B048C /* testProjectTests.swift */; };
/* End PBXBuildFile section */

/* Begin PBXContainerItemProxy section */
		CEA909CB1BDF2A5E000B048C /* PBXContainerItemProxy */ = {
			isa = PBXContainerItemProxy;
			containerPortal = CEA909AD1BDF2A5E000B048C /* Project object */;
			proxyType = 1;
			remoteGlobalIDString = CEA909B41BDF2A5E000B048C;
			remoteInfo = testProject;
		};
/* End PBXContainerItemProxy section */

/* Begin PBXFileReference section */
		CE51A07E1BE08D7000EA4DAA /* Bolts.framework */ = {isa = PBXFileReference; lastKnownFileType = wrapper.framework; path = Bolts.framework; sourceTree = "<group>"; };
		CE51A0801BE08D8900EA4DAA /* Parse.framework */ = {isa = PBXFileReference; lastKnownFileType = wrapper.framework; path = Parse.framework; sourceTree = "<group>"; };
		CE51A0821BE08DB100EA4DAA /* AudioToolbox.framework */ = {isa = PBXFileReference; lastKnownFileType = wrapper.framework; name = AudioToolbox.framework; path = System/Library/Frameworks/AudioToolbox.framework; sourceTree = SDKROOT; };
		CE51A0841BE08DBA00EA4DAA /* CFNetwork.framework */ = {isa = PBXFileReference; lastKnownFileType = wrapper.framework; name = CFNetwork.framework; path = System/Library/Frameworks/CFNetwork.framework; sourceTree = SDKROOT; };
		CE51A0861BE08DC100EA4DAA /* CoreGraphics.framework */ = {isa = PBXFileReference; lastKnownFileType = wrapper.framework; name = CoreGraphics.framework; path = System/Library/Frameworks/CoreGraphics.framework; sourceTree = SDKROOT; };
		CE51A0881BE08DC900EA4DAA /* CoreLocation.framework */ = {isa = PBXFileReference; lastKnownFileType = wrapper.framework; name = CoreLocation.framework; path = System/Library/Frameworks/CoreLocation.framework; sourceTree = SDKROOT; };
		CE51A08A1BE08DCF00EA4DAA /* QuartzCore.framework */ = {isa = PBXFileReference; lastKnownFileType = wrapper.framework; name = QuartzCore.framework; path = System/Library/Frameworks/QuartzCore.framework; sourceTree = SDKROOT; };
		CE51A08C1BE08DD800EA4DAA /* Security.framework */ = {isa = PBXFileReference; lastKnownFileType = wrapper.framework; name = Security.framework; path = System/Library/Frameworks/Security.framework; sourceTree = SDKROOT; };
		CE51A08E1BE08DE400EA4DAA /* SystemConfiguration.framework */ = {isa = PBXFileReference; lastKnownFileType = wrapper.framework; name = SystemConfiguration.framework; path = System/Library/Frameworks/SystemConfiguration.framework; sourceTree = SDKROOT; };
		CE51A0901BE08DF000EA4DAA /* StoreKit.framework */ = {isa = PBXFileReference; lastKnownFileType = wrapper.framework; name = StoreKit.framework; path = System/Library/Frameworks/StoreKit.framework; sourceTree = SDKROOT; };
		CE51A0921BE08DFE00EA4DAA /* libz.dylib */ = {isa = PBXFileReference; lastKnownFileType = "compiled.mach-o.dylib"; name = libz.dylib; path = usr/lib/libz.dylib; sourceTree = SDKROOT; };
		CE51A0941BE08E0900EA4DAA /* libsqlite3.dylib */ = {isa = PBXFileReference; lastKnownFileType = "compiled.mach-o.dylib"; name = libsqlite3.dylib; path = usr/lib/libsqlite3.dylib; sourceTree = SDKROOT; };
		CE51A0961BE08E1000EA4DAA /* Accounts.framework */ = {isa = PBXFileReference; lastKnownFileType = wrapper.framework; name = Accounts.framework; path = System/Library/Frameworks/Accounts.framework; sourceTree = SDKROOT; };
		CE51A0981BE08E1400EA4DAA /* Social.framework */ = {isa = PBXFileReference; lastKnownFileType = wrapper.framework; name = Social.framework; path = System/Library/Frameworks/Social.framework; sourceTree = SDKROOT; };
		CE51A09A1BE090EF00EA4DAA /* testProject-Bridging-Header.h */ = {isa = PBXFileReference; lastKnownFileType = sourcecode.c.h; path = "testProject-Bridging-Header.h"; sourceTree = SOURCE_ROOT; };
		CE73B62F1BDF749D00DFE5C7 /* MapKit.framework */ = {isa = PBXFileReference; lastKnownFileType = wrapper.framework; name = MapKit.framework; path = System/Library/Frameworks/MapKit.framework; sourceTree = SDKROOT; };
		CEA909B51BDF2A5E000B048C /* testProject.app */ = {isa = PBXFileReference; explicitFileType = wrapper.application; includeInIndex = 0; path = testProject.app; sourceTree = BUILT_PRODUCTS_DIR; };
		CEA909B91BDF2A5E000B048C /* Info.plist */ = {isa = PBXFileReference; lastKnownFileType = text.plist.xml; path = Info.plist; sourceTree = "<group>"; };
		CEA909BA1BDF2A5E000B048C /* AppDelegate.swift */ = {isa = PBXFileReference; lastKnownFileType = sourcecode.swift; path = AppDelegate.swift; sourceTree = "<group>"; };
		CEA909BC1BDF2A5E000B048C /* ViewController.swift */ = {isa = PBXFileReference; lastKnownFileType = sourcecode.swift; path = ViewController.swift; sourceTree = "<group>"; };
		CEA909BF1BDF2A5E000B048C /* Base */ = {isa = PBXFileReference; lastKnownFileType = file.storyboard; name = Base; path = Base.lproj/Main.storyboard; sourceTree = "<group>"; };
		CEA909C11BDF2A5E000B048C /* Images.xcassets */ = {isa = PBXFileReference; lastKnownFileType = folder.assetcatalog; path = Images.xcassets; sourceTree = "<group>"; };
		CEA909C41BDF2A5E000B048C /* Base */ = {isa = PBXFileReference; lastKnownFileType = file.xib; name = Base; path = Base.lproj/LaunchScreen.xib; sourceTree = "<group>"; };
		CEA909CA1BDF2A5E000B048C /* testProjectTests.xctest */ = {isa = PBXFileReference; explicitFileType = wrapper.cfbundle; includeInIndex = 0; path = testProjectTests.xctest; sourceTree = BUILT_PRODUCTS_DIR; };
		CEA909CF1BDF2A5E000B048C /* Info.plist */ = {isa = PBXFileReference; lastKnownFileType = text.plist.xml; path = Info.plist; sourceTree = "<group>"; };
		CEA909D01BDF2A5E000B048C /* testProjectTests.swift */ = {isa = PBXFileReference; lastKnownFileType = sourcecode.swift; path = testProjectTests.swift; sourceTree = "<group>"; };
/* End PBXFileReference section */

/* Begin PBXFrameworksBuildPhase section */
		CEA909B21BDF2A5E000B048C /* Frameworks */ = {
			isa = PBXFrameworksBuildPhase;
			buildActionMask = 2147483647;
			files = (
				CE51A0991BE08E1400EA4DAA /* Social.framework in Frameworks */,
				CE51A0971BE08E1000EA4DAA /* Accounts.framework in Frameworks */,
				CE51A0951BE08E0900EA4DAA /* libsqlite3.dylib in Frameworks */,
				CE51A0931BE08DFE00EA4DAA /* libz.dylib in Frameworks */,
				CE51A0911BE08DF000EA4DAA /* StoreKit.framework in Frameworks */,
				CE51A08F1BE08DE400EA4DAA /* SystemConfiguration.framework in Frameworks */,
				CE51A08D1BE08DD800EA4DAA /* Security.framework in Frameworks */,
				CE51A08B1BE08DCF00EA4DAA /* QuartzCore.framework in Frameworks */,
				CE51A0891BE08DC900EA4DAA /* CoreLocation.framework in Frameworks */,
				CE51A0871BE08DC100EA4DAA /* CoreGraphics.framework in Frameworks */,
				CE51A0851BE08DBA00EA4DAA /* CFNetwork.framework in Frameworks */,
				CE51A0831BE08DB100EA4DAA /* AudioToolbox.framework in Frameworks */,
				CE73B6301BDF749D00DFE5C7 /* MapKit.framework in Frameworks */,
				CE51A0811BE08D8900EA4DAA /* Parse.framework in Frameworks */,
				CE51A07F1BE08D7000EA4DAA /* Bolts.framework in Frameworks */,
			);
			runOnlyForDeploymentPostprocessing = 0;
		};
		CEA909C71BDF2A5E000B048C /* Frameworks */ = {
			isa = PBXFrameworksBuildPhase;
			buildActionMask = 2147483647;
			files = (
			);
			runOnlyForDeploymentPostprocessing = 0;
		};
/* End PBXFrameworksBuildPhase section */

/* Begin PBXGroup section */
		CE51A07D1BE08CA000EA4DAA /* Frameworks */ = {
			isa = PBXGroup;
			children = (
				CE51A0981BE08E1400EA4DAA /* Social.framework */,
				CE51A0961BE08E1000EA4DAA /* Accounts.framework */,
				CE51A0941BE08E0900EA4DAA /* libsqlite3.dylib */,
				CE51A0921BE08DFE00EA4DAA /* libz.dylib */,
				CE51A0901BE08DF000EA4DAA /* StoreKit.framework */,
				CE51A08E1BE08DE400EA4DAA /* SystemConfiguration.framework */,
				CE51A08C1BE08DD800EA4DAA /* Security.framework */,
				CE51A08A1BE08DCF00EA4DAA /* QuartzCore.framework */,
				CE51A0881BE08DC900EA4DAA /* CoreLocation.framework */,
				CE51A0861BE08DC100EA4DAA /* CoreGraphics.framework */,
				CE51A0841BE08DBA00EA4DAA /* CFNetwork.framework */,
				CE51A0821BE08DB100EA4DAA /* AudioToolbox.framework */,
				CE51A0801BE08D8900EA4DAA /* Parse.framework */,
				CE51A07E1BE08D7000EA4DAA /* Bolts.framework */,
				CE73B62F1BDF749D00DFE5C7 /* MapKit.framework */,
			);
			name = Frameworks;
			sourceTree = "<group>";
		};
		CEA909AC1BDF2A5E000B048C = {
			isa = PBXGroup;
			children = (
				CE51A07D1BE08CA000EA4DAA /* Frameworks */,
				CEA909B71BDF2A5E000B048C /* testProject */,
				CEA909CD1BDF2A5E000B048C /* testProjectTests */,
				CEA909B61BDF2A5E000B048C /* Products */,
				CE51A09A1BE090EF00EA4DAA /* testProject-Bridging-Header.h */,
			);
			sourceTree = "<group>";
		};
		CEA909B61BDF2A5E000B048C /* Products */ = {
			isa = PBXGroup;
			children = (
				CEA909B51BDF2A5E000B048C /* testProject.app */,
				CEA909CA1BDF2A5E000B048C /* testProjectTests.xctest */,
			);
			name = Products;
			sourceTree = "<group>";
		};
		CEA909B71BDF2A5E000B048C /* testProject */ = {
			isa = PBXGroup;
			children = (
				CEA909BA1BDF2A5E000B048C /* AppDelegate.swift */,
				CEA909BC1BDF2A5E000B048C /* ViewController.swift */,
				CEA909BE1BDF2A5E000B048C /* Main.storyboard */,
				CEA909C11BDF2A5E000B048C /* Images.xcassets */,
				CEA909C31BDF2A5E000B048C /* LaunchScreen.xib */,
				CEA909B81BDF2A5E000B048C /* Supporting Files */,
			);
			path = testProject;
			sourceTree = "<group>";
		};
		CEA909B81BDF2A5E000B048C /* Supporting Files */ = {
			isa = PBXGroup;
			children = (
				CEA909B91BDF2A5E000B048C /* Info.plist */,
			);
			name = "Supporting Files";
			sourceTree = "<group>";
		};
		CEA909CD1BDF2A5E000B048C /* testProjectTests */ = {
			isa = PBXGroup;
			children = (
				CEA909D01BDF2A5E000B048C /* testProjectTests.swift */,
				CEA909CE1BDF2A5E000B048C /* Supporting Files */,
			);
			path = testProjectTests;
			sourceTree = "<group>";
		};
		CEA909CE1BDF2A5E000B048C /* Supporting Files */ = {
			isa = PBXGroup;
			children = (
				CEA909CF1BDF2A5E000B048C /* Info.plist */,
			);
			name = "Supporting Files";
			sourceTree = "<group>";
		};
/* End PBXGroup section */

/* Begin PBXNativeTarget section */
		CEA909B41BDF2A5E000B048C /* testProject */ = {
			isa = PBXNativeTarget;
			buildConfigurationList = CEA909D41BDF2A5E000B048C /* Build configuration list for PBXNativeTarget "testProject" */;
			buildPhases = (
				CEA909B11BDF2A5E000B048C /* Sources */,
				CEA909B21BDF2A5E000B048C /* Frameworks */,
				CEA909B31BDF2A5E000B048C /* Resources */,
			);
			buildRules = (
			);
			dependencies = (
			);
			name = testProject;
			productName = testProject;
			productReference = CEA909B51BDF2A5E000B048C /* testProject.app */;
			productType = "com.apple.product-type.application";
		};
		CEA909C91BDF2A5E000B048C /* testProjectTests */ = {
			isa = PBXNativeTarget;
			buildConfigurationList = CEA909D71BDF2A5E000B048C /* Build configuration list for PBXNativeTarget "testProjectTests" */;
			buildPhases = (
				CEA909C61BDF2A5E000B048C /* Sources */,
				CEA909C71BDF2A5E000B048C /* Frameworks */,
				CEA909C81BDF2A5E000B048C /* Resources */,
			);
			buildRules = (
			);
			dependencies = (
				CEA909CC1BDF2A5E000B048C /* PBXTargetDependency */,
			);
			name = testProjectTests;
			productName = testProjectTests;
			productReference = CEA909CA1BDF2A5E000B048C /* testProjectTests.xctest */;
			productType = "com.apple.product-type.bundle.unit-test";
		};
/* End PBXNativeTarget section */

/* Begin PBXProject section */
		CEA909AD1BDF2A5E000B048C /* Project object */ = {
			isa = PBXProject;
			attributes = {
				LastUpgradeCheck = 0640;
				ORGANIZATIONNAME = user;
				TargetAttributes = {
					CEA909B41BDF2A5E000B048C = {
						CreatedOnToolsVersion = 6.4;
					};
					CEA909C91BDF2A5E000B048C = {
						CreatedOnToolsVersion = 6.4;
						TestTargetID = CEA909B41BDF2A5E000B048C;
					};
				};
			};
			buildConfigurationList = CEA909B01BDF2A5E000B048C /* Build configuration list for PBXProject "testProject" */;
			compatibilityVersion = "Xcode 3.2";
			developmentRegion = English;
			hasScannedForEncodings = 0;
			knownRegions = (
				en,
				Base,
			);
			mainGroup = CEA909AC1BDF2A5E000B048C;
			productRefGroup = CEA909B61BDF2A5E000B048C /* Products */;
			projectDirPath = "";
			projectRoot = "";
			targets = (
				CEA909B41BDF2A5E000B048C /* testProject */,
				CEA909C91BDF2A5E000B048C /* testProjectTests */,
			);
		};
/* End PBXProject section */

/* Begin PBXResourcesBuildPhase section */
		CEA909B31BDF2A5E000B048C /* Resources */ = {
			isa = PBXResourcesBuildPhase;
			buildActionMask = 2147483647;
			files = (
				CEA909C01BDF2A5E000B048C /* Main.storyboard in Resources */,
				CEA909C51BDF2A5E000B048C /* LaunchScreen.xib in Resources */,
				CEA909C21BDF2A5E000B048C /* Images.xcassets in Resources */,
			);
			runOnlyForDeploymentPostprocessing = 0;
		};
		CEA909C81BDF2A5E000B048C /* Resources */ = {
			isa = PBXResourcesBuildPhase;
			buildActionMask = 2147483647;
			files = (
			);
			runOnlyForDeploymentPostprocessing = 0;
		};
/* End PBXResourcesBuildPhase section */

/* Begin PBXSourcesBuildPhase section */
		CEA909B11BDF2A5E000B048C /* Sources */ = {
			isa = PBXSourcesBuildPhase;
			buildActionMask = 2147483647;
			files = (
				CEA909BD1BDF2A5E000B048C /* ViewController.swift in Sources */,
				CEA909BB1BDF2A5E000B048C /* AppDelegate.swift in Sources */,
			);
			runOnlyForDeploymentPostprocessing = 0;
		};
		CEA909C61BDF2A5E000B048C /* Sources */ = {
			isa = PBXSourcesBuildPhase;
			buildActionMask = 2147483647;
			files = (
				CEA909D11BDF2A5E000B048C /* testProjectTests.swift in Sources */,
			);
			runOnlyForDeploymentPostprocessing = 0;
		};
/* End PBXSourcesBuildPhase section */

/* Begin PBXTargetDependency section */
		CEA909CC1BDF2A5E000B048C /* PBXTargetDependency */ = {
			isa = PBXTargetDependency;
			target = CEA909B41BDF2A5E000B048C /* testProject */;
			targetProxy = CEA909CB1BDF2A5E000B048C /* PBXContainerItemProxy */;
		};
/* End PBXTargetDependency section */

/* Begin PBXVariantGroup section */
		CEA909BE1BDF2A5E000B048C /* Main.storyboard */ = {
			isa = PBXVariantGroup;
			children = (
				CEA909BF1BDF2A5E000B048C /* Base */,
			);
			name = Main.storyboard;
			sourceTree = "<group>";
		};
		CEA909C31BDF2A5E000B048C /* LaunchScreen.xib */ = {
			isa = PBXVariantGroup;
			children = (
				CEA909C41BDF2A5E000B048C /* Base */,
			);
			name = LaunchScreen.xib;
			sourceTree = "<group>";
		};
/* End PBXVariantGroup section */

/* Begin XCBuildConfiguration section */
		CEA909D21BDF2A5E000B048C /* Debug */ = {
			isa = XCBuildConfiguration;
			buildSettings = {
				ALWAYS_SEARCH_USER_PATHS = NO;
				CLANG_CXX_LANGUAGE_STANDARD = "gnu++0x";
				CLANG_CXX_LIBRARY = "libc++";
				CLANG_ENABLE_MODULES = YES;
				CLANG_ENABLE_OBJC_ARC = YES;
				CLANG_WARN_BOOL_CONVERSION = YES;
				CLANG_WARN_CONSTANT_CONVERSION = YES;
				CLANG_WARN_DIRECT_OBJC_ISA_USAGE = YES_ERROR;
				CLANG_WARN_EMPTY_BODY = YES;
				CLANG_WARN_ENUM_CONVERSION = YES;
				CLANG_WARN_INT_CONVERSION = YES;
				CLANG_WARN_OBJC_ROOT_CLASS = YES_ERROR;
				CLANG_WARN_UNREACHABLE_CODE = YES;
				CLANG_WARN__DUPLICATE_METHOD_MATCH = YES;
				"CODE_SIGN_IDENTITY[sdk=iphoneos*]" = "iPhone Developer";
				COPY_PHASE_STRIP = NO;
				DEBUG_INFORMATION_FORMAT = "dwarf-with-dsym";
				ENABLE_STRICT_OBJC_MSGSEND = YES;
				GCC_C_LANGUAGE_STANDARD = gnu99;
				GCC_DYNAMIC_NO_PIC = NO;
				GCC_NO_COMMON_BLOCKS = YES;
				GCC_OPTIMIZATION_LEVEL = 0;
				GCC_PREPROCESSOR_DEFINITIONS = (
					"DEBUG=1",
					"$(inherited)",
				);
				GCC_SYMBOLS_PRIVATE_EXTERN = NO;
				GCC_WARN_64_TO_32_BIT_CONVERSION = YES;
				GCC_WARN_ABOUT_RETURN_TYPE = YES_ERROR;
				GCC_WARN_UNDECLARED_SELECTOR = YES;
				GCC_WARN_UNINITIALIZED_AUTOS = YES_AGGRESSIVE;
				GCC_WARN_UNUSED_FUNCTION = YES;
				GCC_WARN_UNUSED_VARIABLE = YES;
				IPHONEOS_DEPLOYMENT_TARGET = 8.4;
				MTL_ENABLE_DEBUG_INFO = YES;
				ONLY_ACTIVE_ARCH = YES;
				SDKROOT = iphoneos;
				SWIFT_OPTIMIZATION_LEVEL = "-Onone";
				TARGETED_DEVICE_FAMILY = "1,2";
			};
			name = Debug;
		};
		CEA909D31BDF2A5E000B048C /* Release */ = {
			isa = XCBuildConfiguration;
			buildSettings = {
				ALWAYS_SEARCH_USER_PATHS = NO;
				CLANG_CXX_LANGUAGE_STANDARD = "gnu++0x";
				CLANG_CXX_LIBRARY = "libc++";
				CLANG_ENABLE_MODULES = YES;
				CLANG_ENABLE_OBJC_ARC = YES;
				CLANG_WARN_BOOL_CONVERSION = YES;
				CLANG_WARN_CONSTANT_CONVERSION = YES;
				CLANG_WARN_DIRECT_OBJC_ISA_USAGE = YES_ERROR;
				CLANG_WARN_EMPTY_BODY = YES;
				CLANG_WARN_ENUM_CONVERSION = YES;
				CLANG_WARN_INT_CONVERSION = YES;
				CLANG_WARN_OBJC_ROOT_CLASS = YES_ERROR;
				CLANG_WARN_UNREACHABLE_CODE = YES;
				CLANG_WARN__DUPLICATE_METHOD_MATCH = YES;
				"CODE_SIGN_IDENTITY[sdk=iphoneos*]" = "iPhone Developer";
				COPY_PHASE_STRIP = NO;
				DEBUG_INFORMATION_FORMAT = "dwarf-with-dsym";
				ENABLE_NS_ASSERTIONS = NO;
				ENABLE_STRICT_OBJC_MSGSEND = YES;
				GCC_C_LANGUAGE_STANDARD = gnu99;
				GCC_NO_COMMON_BLOCKS = YES;
				GCC_WARN_64_TO_32_BIT_CONVERSION = YES;
				GCC_WARN_ABOUT_RETURN_TYPE = YES_ERROR;
				GCC_WARN_UNDECLARED_SELECTOR = YES;
				GCC_WARN_UNINITIALIZED_AUTOS = YES_AGGRESSIVE;
				GCC_WARN_UNUSED_FUNCTION = YES;
				GCC_WARN_UNUSED_VARIABLE = YES;
				IPHONEOS_DEPLOYMENT_TARGET = 8.4;
				MTL_ENABLE_DEBUG_INFO = NO;
				SDKROOT = iphoneos;
				TARGETED_DEVICE_FAMILY = "1,2";
				VALIDATE_PRODUCT = YES;
			};
			name = Release;
		};
		CEA909D51BDF2A5E000B048C /* Debug */ = {
			isa = XCBuildConfiguration;
			buildSettings = {
				ASSETCATALOG_COMPILER_APPICON_NAME = AppIcon;
				CLANG_ENABLE_MODULES = YES;
				FRAMEWORK_SEARCH_PATHS = (
					"$(inherited)",
					"$(PROJECT_DIR)",
				);
				INFOPLIST_FILE = testProject/Info.plist;
				LD_RUNPATH_SEARCH_PATHS = "$(inherited) @executable_path/Frameworks";
				PRODUCT_NAME = "$(TARGET_NAME)";
				SWIFT_OBJC_BRIDGING_HEADER = "testProject-Bridging-Header.h";
				SWIFT_OPTIMIZATION_LEVEL = "-Onone";
			};
			name = Debug;
		};
		CEA909D61BDF2A5E000B048C /* Release */ = {
			isa = XCBuildConfiguration;
			buildSettings = {
				ASSETCATALOG_COMPILER_APPICON_NAME = AppIcon;
				CLANG_ENABLE_MODULES = YES;
				FRAMEWORK_SEARCH_PATHS = (
					"$(inherited)",
					"$(PROJECT_DIR)",
				);
				INFOPLIST_FILE = testProject/Info.plist;
				LD_RUNPATH_SEARCH_PATHS = "$(inherited) @executable_path/Frameworks";
				PRODUCT_NAME = "$(TARGET_NAME)";
				SWIFT_OBJC_BRIDGING_HEADER = "testProject-Bridging-Header.h";
			};
			name = Release;
		};
		CEA909D81BDF2A5E000B048C /* Debug */ = {
			isa = XCBuildConfiguration;
			buildSettings = {
				BUNDLE_LOADER = "$(TEST_HOST)";
				FRAMEWORK_SEARCH_PATHS = (
					"$(SDKROOT)/Developer/Library/Frameworks",
					"$(inherited)",
				);
				GCC_PREPROCESSOR_DEFINITIONS = (
					"DEBUG=1",
					"$(inherited)",
				);
				INFOPLIST_FILE = testProjectTests/Info.plist;
				LD_RUNPATH_SEARCH_PATHS = "$(inherited) @executable_path/Frameworks @loader_path/Frameworks";
				PRODUCT_NAME = "$(TARGET_NAME)";
				TEST_HOST = "$(BUILT_PRODUCTS_DIR)/testProject.app/testProject";
			};
			name = Debug;
		};
		CEA909D91BDF2A5E000B048C /* Release */ = {
			isa = XCBuildConfiguration;
			buildSettings = {
				BUNDLE_LOADER = "$(TEST_HOST)";
				FRAMEWORK_SEARCH_PATHS = (
					"$(SDKROOT)/Developer/Library/Frameworks",
					"$(inherited)",
				);
				INFOPLIST_FILE = testProjectTests/Info.plist;
				LD_RUNPATH_SEARCH_PATHS = "$(inherited) @executable_path/Frameworks @loader_path/Frameworks";
				PRODUCT_NAME = "$(TARGET_NAME)";
				TEST_HOST = "$(BUILT_PRODUCTS_DIR)/testProject.app/testProject";
			};
			name = Release;
		};
/* End XCBuildConfiguration section */

/* Begin XCConfigurationList section */
		CEA909B01BDF2A5E000B048C /* Build configuration list for PBXProject "testProject" */ = {
			isa = XCConfigurationList;
			buildConfigurations = (
				CEA909D21BDF2A5E000B048C /* Debug */,
				CEA909D31BDF2A5E000B048C /* Release */,
			);
			defaultConfigurationIsVisible = 0;
			defaultConfigurationName = Release;
		};
		CEA909D41BDF2A5E000B048C /* Build configuration list for PBXNativeTarget "testProject" */ = {
			isa = XCConfigurationList;
			buildConfigurations = (
				CEA909D51BDF2A5E000B048C /* Debug */,
				CEA909D61BDF2A5E000B048C /* Release */,
			);
			defaultConfigurationIsVisible = 0;
			defaultConfigurationName = Release;
		};
		CEA909D71BDF2A5E000B048C /* Build configuration list for PBXNativeTarget "testProjectTests" */ = {
			isa = XCConfigurationList;
			buildConfigurations = (
				CEA909D81BDF2A5E000B048C /* Debug */,
				CEA909D91BDF2A5E000B048C /* Release */,
			);
			defaultConfigurationIsVisible = 0;
			defaultConfigurationName = Release;
		};
/* End XCConfigurationList section */
	};
	rootObject = CEA909AD1BDF2A5E000B048C /* Project object */;
}
